{
    "_meta": {
        "hash": {
            "sha256": "42934f7224e6c48d08a0b728a21a2e40e288d459436609d61c31e7264aaa2ef3"
        },
        "pipfile-spec": 6,
        "requires": {
            "python_version": "3.6"
        },
        "sources": [
            {
                "name": "pypi",
                "url": "https://pypi.org/simple",
                "verify_ssl": true
            }
        ]
    },
    "default": {
        "python-xlib": {
            "hashes": [
                "sha256:2ffa01fa51bdf53842fa4e3f9e2501f8147d4abf546a83e9c2b091982da2e1a8",
                "sha256:c3deb8329038620d07b21be05673fa5a495dd8b04a2d9f4dca37a3811d192ae4"
            ],
            "version": "==0.23"
        },
        "pyxhook": {
            "hashes": [
                "sha256:f045dc0a4aa692593e3eb2d4803e3b17007142e9d99214a1ab8c69e24f85d0aa"
            ],
            "index": "pypi",
            "version": "==1.0.0"
        },
        "six": {
            "hashes": [
                "sha256:70e8a77beed4562e7f14fe23a786b54f6296e34344c23bc42f07b15018ff98e9",
                "sha256:832dc0e10feb1aa2c68dcc57dbb658f1c7e65b9b61af69048abc87a2db00a0eb"
            ],
            "version": "==1.11.0"
        }
    },
    "develop": {}
}
